
Microsoft Visual Studio Solution File, Format Version 12.00
# Visual Studio Version 17
VisualStudioVersion = 17.0.31903.59
MinimumVisualStudioVersion = 10.0.40219.1
Project("{FAE04EC0-301F-11D3-BF4B-00C04F79EFBC}") = "API", "API\API.csproj", "{0F67C918-0D6F-4C44-A774-60B976007C6B}"
EndProject
Project("{FAE04EC0-301F-11D3-BF4B-00C04F79EFBC}") = "Application", "Application\Application.csproj", "{857A1B71-7072-4081-9EC9-464D5293ACAC}"
EndProject
Project("{FAE04EC0-301F-11D3-BF4B-00C04F79EFBC}") = "Domain", "Domain\Domain.csproj", "{AF2E6AB0-1E60-4411-8DAB-31AF3FE92703}"
EndProject
Project("{FAE04EC0-301F-11D3-BF4B-00C04F79EFBC}") = "Persistence", "Persistence\Persistence.csproj", "{BA87F6A2-1E52-458A-9E10-40EDC31CFE61}"
EndProject
Global
	GlobalSection(SolutionConfigurationPlatforms) = preSolution
		Debug|Any CPU = Debug|Any CPU
		Release|Any CPU = Release|Any CPU
	EndGlobalSection
	GlobalSection(SolutionProperties) = preSolution
		HideSolutionNode = FALSE
	EndGlobalSection
	GlobalSection(ProjectConfigurationPlatforms) = postSolution
		{0F67C918-0D6F-4C44-A774-60B976007C6B}.Debug|Any CPU.ActiveCfg = Debug|Any CPU
		{0F67C918-0D6F-4C44-A774-60B976007C6B}.Debug|Any CPU.Build.0 = Debug|Any CPU
		{0F67C918-0D6F-4C44-A774-60B976007C6B}.Release|Any CPU.ActiveCfg = Release|Any CPU
		{0F67C918-0D6F-4C44-A774-60B976007C6B}.Release|Any CPU.Build.0 = Release|Any CPU
		{857A1B71-7072-4081-9EC9-464D5293ACAC}.Debug|Any CPU.ActiveCfg = Debug|Any CPU
		{857A1B71-7072-4081-9EC9-464D5293ACAC}.Debug|Any CPU.Build.0 = Debug|Any CPU
		{857A1B71-7072-4081-9EC9-464D5293ACAC}.Release|Any CPU.ActiveCfg = Release|Any CPU
		{857A1B71-7072-4081-9EC9-464D5293ACAC}.Release|Any CPU.Build.0 = Release|Any CPU
		{AF2E6AB0-1E60-4411-8DAB-31AF3FE92703}.Debug|Any CPU.ActiveCfg = Debug|Any CPU
		{AF2E6AB0-1E60-4411-8DAB-31AF3FE92703}.Debug|Any CPU.Build.0 = Debug|Any CPU
		{AF2E6AB0-1E60-4411-8DAB-31AF3FE92703}.Release|Any CPU.ActiveCfg = Release|Any CPU
		{AF2E6AB0-1E60-4411-8DAB-31AF3FE92703}.Release|Any CPU.Build.0 = Release|Any CPU
		{BA87F6A2-1E52-458A-9E10-40EDC31CFE61}.Debug|Any CPU.ActiveCfg = Debug|Any CPU
		{BA87F6A2-1E52-458A-9E10-40EDC31CFE61}.Debug|Any CPU.Build.0 = Debug|Any CPU
		{BA87F6A2-1E52-458A-9E10-40EDC31CFE61}.Release|Any CPU.ActiveCfg = Release|Any CPU
		{BA87F6A2-1E52-458A-9E10-40EDC31CFE61}.Release|Any CPU.Build.0 = Release|Any CPU
	EndGlobalSection
EndGlobal
